# THIS IS AN AUTOGENERATED FILE. DO NOT EDIT THIS FILE DIRECTLY.
# yarn lockfile v1


"@fancyapps/fancybox@^3.2.5":
  version "3.2.5"
  resolved "https://registry.yarnpkg.com/@fancyapps/fancybox/-/fancybox-3.2.5.tgz#c866f399bf3d2ef61d4103dfe9f297e74d3c3ff3"

aos@^2.2.0:
  version "2.2.0"
  resolved "https://registry.yarnpkg.com/aos/-/aos-2.2.0.tgz#e388a873324c99e5dae0c5169226d1163dee5135"
  dependencies:
    classlist-polyfill "^1.0.3"
    lodash.debounce "^4.0.6"
    lodash.throttle "^4.0.1"

bootstrap@^4.0.0:
  version "4.0.0"
  resolved "https://registry.yarnpkg.com/bootstrap/-/bootstrap-4.0.0.tgz#ceb03842c145fcc1b9b4e15da2a05656ba68469a"

classlist-polyfill@^1.0.3:
  version "1.2.0"
  resolved "https://registry.yarnpkg.com/classlist-polyfill/-/classlist-polyfill-1.2.0.tgz#935bc2dfd9458a876b279617514638bcaa964a2e"

desandro-matches-selector@^2.0.0:
  version "2.0.2"
  resolved "https://registry.yarnpkg.com/desandro-matches-selector/-/desandro-matches-selector-2.0.2.tgz#717beed4dc13e7d8f3762f707a6d58a6774218e1"

ev-emitter@^1.0.0:
  version "1.1.1"
  resolved "https://registry.yarnpkg.com/ev-emitter/-/ev-emitter-1.1.1.tgz#8f18b0ce5c76a5d18017f71c0a795c65b9138f2a"

fizzy-ui-utils@^2.0.0, fizzy-ui-utils@^2.0.4:
  version "2.0.7"
  resolved "https://registry.yarnpkg.com/fizzy-ui-utils/-/fizzy-ui-utils-2.0.7.tgz#7df45dcc4eb374a08b65d39bb9a4beedf7330505"
  dependencies:
    desandro-matches-selector "^2.0.0"

font-awesome@^4.7.0:
  version "4.7.0"
  resolved "https://registry.yarnpkg.com/font-awesome/-/font-awesome-4.7.0.tgz#8fa8cf0411a1a31afd07b06d2902bb9fc815a133"

get-size@^2.0.0, get-size@^2.0.2:
  version "2.0.2"
  resolved "https://registry.yarnpkg.com/get-size/-/get-size-2.0.2.tgz#555ea98ab8732e0c021e9e23e2219adcbe398e98"

inputmask@^3.3.11:
  version "3.3.11"
  resolved "https://registry.yarnpkg.com/inputmask/-/inputmask-3.3.11.tgz#1421c94ae28c3dcd1b4d26337b508bb34998e2d8"

ionicons@^2:
  version "2.0.1"
  resolved "https://registry.yarnpkg.com/ionicons/-/ionicons-2.0.1.tgz#ca398113293ea870244f538f0aabbd4b5b209a3e"

isotope-layout@^3.0.4:
  version "3.0.5"
  resolved "https://registry.yarnpkg.com/isotope-layout/-/isotope-layout-3.0.5.tgz#1ac0058894e4b69f2afadc80d6f49d764dddd420"
  dependencies:
    desandro-matches-selector "^2.0.0"
    fizzy-ui-utils "^2.0.4"
    get-size "^2.0.0"
    masonry-layout "^4.1.0"
    outlayer "^2.1.0"

jquery-mousewheel@>=3.0.6:
  version "3.1.13"
  resolved "https://registry.yarnpkg.com/jquery-mousewheel/-/jquery-mousewheel-3.1.13.tgz#06f0335f16e353a695e7206bf50503cb523a6ee5"

jquery.maskedinput@^1.4.1:
  version "1.4.1"
  resolved "https://registry.yarnpkg.com/jquery.maskedinput/-/jquery.maskedinput-1.4.1.tgz#3ea8f4cdc4eafce7354c27b66a73d0f44defc327"

jquery@^3.1.1, jquery@^3.2.1:
  version "3.3.1"
  resolved "https://registry.yarnpkg.com/jquery/-/jquery-3.3.1.tgz#958ce29e81c9790f31be7792df5d4d95fc57fbca"

lodash.debounce@^4.0.6:
  version "4.0.8"
  resolved "https://registry.yarnpkg.com/lodash.debounce/-/lodash.debounce-4.0.8.tgz#82d79bff30a67c4005ffd5e2515300ad9ca4d7af"

lodash.throttle@^4.0.1:
  version "4.1.1"
  resolved "https://registry.yarnpkg.com/lodash.throttle/-/lodash.throttle-4.1.1.tgz#c23e91b710242ac70c37f1e1cda9274cc39bf2f4"

malihu-custom-scrollbar-plugin@^3.1.5:
  version "3.1.5"
  resolved "https://registry.yarnpkg.com/malihu-custom-scrollbar-plugin/-/malihu-custom-scrollbar-plugin-3.1.5.tgz#310cecc5e59415a1c29e9dfb5d2b6e01d66a29ef"
  dependencies:
    jquery-mousewheel ">=3.0.6"

masonry-layout@^4.1.0:
  version "4.2.1"
  resolved "https://registry.yarnpkg.com/masonry-layout/-/masonry-layout-4.2.1.tgz#1c878b85a88866ba6b39b9bd0e162348aed7ce13"
  dependencies:
    get-size "^2.0.2"
    outlayer "^2.1.0"

outlayer@^2.1.0:
  version "2.1.1"
  resolved "https://registry.yarnpkg.com/outlayer/-/outlayer-2.1.1.tgz#29863b6de10ea5dadfffcadfa0d728907387e9a2"
  dependencies:
    ev-emitter "^1.0.0"
    fizzy-ui-utils "^2.0.0"
    get-size "^2.0.2"

popper.js@^1.12.9:
  version "1.14.1"
  resolved "https://registry.yarnpkg.com/popper.js/-/popper.js-1.14.1.tgz#b8815e5cda6f62fc2042e47618649f75866e6753"

selectric@^1.13.0:
  version "1.13.0"
  resolved "https://registry.yarnpkg.com/selectric/-/selectric-1.13.0.tgz#7ce8a750078bb6d1c44347216cae5610e2440985"
  dependencies:
    jquery "^3.1.1"

skrollr@^0.6.26:
  version "0.6.26"
  resolved "https://registry.yarnpkg.com/skrollr/-/skrollr-0.6.26.tgz#65d1aafcc69fc6d27e6cff0f086c25b31b20ab18"

slick-carousel@^1.8.1:
  version "1.8.1"
  resolved "https://registry.yarnpkg.com/slick-carousel/-/slick-carousel-1.8.1.tgz#a4bfb29014887bb66ce528b90bd0cda262cc8f8d"

"waitMe@https://github.com/vadimsva/waitMe.git":
  version "0.0.0"
  resolved "https://github.com/vadimsva/waitMe.git#4eaf6bd4cfbde7d48eff2f519c781f4d866cf81b"
